// !$*UTF8*$!
{
	archiveVersion = 1;
	classes = {
	};
	objectVersion = 46;
	objects = {

/* Begin PBXBuildFile section */
		3261F67C1A79C41200980F16 /* AppDelegate.swift in Sources */ = {isa = PBXBuildFile; fileRef = 3261F67B1A79C41200980F16 /* AppDelegate.swift */; };
		3261F67E1A79C41200980F16 /* ViewController.swift in Sources */ = {isa = PBXBuildFile; fileRef = 3261F67D1A79C41200980F16 /* ViewController.swift */; };
		3261F6811A79C41200980F16 /* Main.storyboard in Resources */ = {isa = PBXBuildFile; fileRef = 3261F67F1A79C41200980F16 /* Main.storyboard */; };
		3261F6831A79C41200980F16 /* Images.xcassets in Resources */ = {isa = PBXBuildFile; fileRef = 3261F6821A79C41200980F16 /* Images.xcassets */; };
		3261F6861A79C41200980F16 /* LaunchScreen.xib in Resources */ = {isa = PBXBuildFile; fileRef = 3261F6841A79C41200980F16 /* LaunchScreen.xib */; };
		3261F6921A79C41200980F16 /* tipsTests.swift in Sources */ = {isa = PBXBuildFile; fileRef = 3261F6911A79C41200980F16 /* tipsTests.swift */; };
/* End PBXBuildFile section */

/* Begin PBXContainerItemProxy section */
		3261F68C1A79C41200980F16 /* PBXContainerItemProxy */ = {
			isa = PBXContainerItemProxy;
			containerPortal = 3261F66E1A79C41100980F16 /* Project object */;
			proxyType = 1;
			remoteGlobalIDString = 3261F6751A79C41200980F16;
			remoteInfo = tips;
		};
/* End PBXContainerItemProxy section */

/* Begin PBXFileReference section */
		3261F6761A79C41200980F16 /* tips.app */ = {isa = PBXFileReference; explicitFileType = wrapper.application; includeInIndex = 0; path = tips.app; sourceTree = BUILT_PRODUCTS_DIR; };
		3261F67A1A79C41200980F16 /* Info.plist */ = {isa = PBXFileReference; lastKnownFileType = text.plist.xml; path = Info.plist; sourceTree = "<group>"; };
		3261F67B1A79C41200980F16 /* AppDelegate.swift */ = {isa = PBXFileReference; lastKnownFileType = sourcecode.swift; path = AppDelegate.swift; sourceTree = "<group>"; };
		3261F67D1A79C41200980F16 /* ViewController.swift */ = {isa = PBXFileReference; lastKnownFileType = sourcecode.swift; path = ViewController.swift; sourceTree = "<group>"; };
		3261F6801A79C41200980F16 /* Base */ = {isa = PBXFileReference; lastKnownFileType = file.storyboard; name = Base; path = Base.lproj/Main.storyboard; sourceTree = "<group>"; };
		3261F6821A79C41200980F16 /* Images.xcassets */ = {isa = PBXFileReference; lastKnownFileType = folder.assetcatalog; path = Images.xcassets; sourceTree = "<group>"; };
		3261F6851A79C41200980F16 /* Base */ = {isa = PBXFileReference; lastKnownFileType = file.xib; name = Base; path = Base.lproj/LaunchScreen.xib; sourceTree = "<group>"; };
		3261F68B1A79C41200980F16 /* tipsTests.xctest */ = {isa = PBXFileReference; explicitFileType = wrapper.cfbundle; includeInIndex = 0; path = tipsTests.xctest; sourceTree = BUILT_PRODUCTS_DIR; };
		3261F6901A79C41200980F16 /* Info.plist */ = {isa = PBXFileReference; lastKnownFileType = text.plist.xml; path = Info.plist; sourceTree = "<group>"; };
		3261F6911A79C41200980F16 /* tipsTests.swift */ = {isa = PBXFileReference; lastKnownFileType = sourcecode.swift; path = tipsTests.swift; sourceTree = "<group>"; };
/* End PBXFileReference section */

/* Begin PBXFrameworksBuildPhase section */
		3261F6731A79C41200980F16 /* Frameworks */ = {
			isa = PBXFrameworksBuildPhase;
			buildActionMask = 2147483647;
			files = (
			);
			runOnlyForDeploymentPostprocessing = 0;
		};
		3261F6881A79C41200980F16 /* Frameworks */ = {
			isa = PBXFrameworksBuildPhase;
			buildActionMask = 2147483647;
			files = (
			);
			runOnlyForDeploymentPostprocessing = 0;
		};
/* End PBXFrameworksBuildPhase section */

/* Begin PBXGroup section */
		3261F66D1A79C41100980F16 = {
			isa = PBXGroup;
			children = (
				3261F6781A79C41200980F16 /* tips */,
				3261F68E1A79C41200980F16 /* tipsTests */,
				3261F6771A79C41200980F16 /* Products */,
			);
			sourceTree = "<group>";
		};
		3261F6771A79C41200980F16 /* Products */ = {
			isa = PBXGroup;
			children = (
				3261F6761A79C41200980F16 /* tips.app */,
				3261F68B1A79C41200980F16 /* tipsTests.xctest */,
			);
			name = Products;
			sourceTree = "<group>";
		};
		3261F6781A79C41200980F16 /* tips */ = {
			isa = PBXGroup;
			children = (
				3261F67B1A79C41200980F16 /* AppDelegate.swift */,
				3261F67D1A79C41200980F16 /* ViewController.swift */,
				3261F67F1A79C41200980F16 /* Main.storyboard */,
				3261F6821A79C41200980F16 /* Images.xcassets */,
				3261F6841A79C41200980F16 /* LaunchScreen.xib */,
				3261F6791A79C41200980F16 /* Supporting Files */,
			);
			path = tips;
			sourceTree = "<group>";
		};
		3261F6791A79C41200980F16 /* Supporting Files */ = {
			isa = PBXGroup;
			children = (
				3261F67A1A79C41200980F16 /* Info.plist */,
			);
			name = "Supporting Files";
			sourceTree = "<group>";
		};
		3261F68E1A79C41200980F16 /* tipsTests */ = {
			isa = PBXGroup;
			children = (
				3261F6911A79C41200980F16 /* tipsTests.swift */,
				3261F68F1A79C41200980F16 /* Supporting Files */,
			);
			path = tipsTests;
			sourceTree = "<group>";
		};
		3261F68F1A79C41200980F16 /* Supporting Files */ = {
			isa = PBXGroup;
			children = (
				3261F6901A79C41200980F16 /* Info.plist */,
			);
			name = "Supporting Files";
			sourceTree = "<group>";
		};
/* End PBXGroup section */

/* Begin PBXNativeTarget section */
		3261F6751A79C41200980F16 /* tips */ = {
			isa = PBXNativeTarget;
			buildConfigurationList = 3261F6951A79C41200980F16 /* Build configuration list for PBXNativeTarget "tips" */;
			buildPhases = (
				3261F6721A79C41200980F16 /* Sources */,
				3261F6731A79C41200980F16 /* Frameworks */,
				3261F6741A79C41200980F16 /* Resources */,
			);
			buildRules = (
			);
			dependencies = (
			);
			name = tips;
			productName = tips;
			productReference = 3261F6761A79C41200980F16 /* tips.app */;
			productType = "com.apple.product-type.application";
		};
		3261F68A1A79C41200980F16 /* tipsTests */ = {
			isa = PBXNativeTarget;
			buildConfigurationList = 3261F6981A79C41200980F16 /* Build configuration list for PBXNativeTarget "tipsTests" */;
			buildPhases = (
				3261F6871A79C41200980F16 /* Sources */,
				3261F6881A79C41200980F16 /* Frameworks */,
				3261F6891A79C41200980F16 /* Resources */,
			);
			buildRules = (
			);
			dependencies = (
				3261F68D1A79C41200980F16 /* PBXTargetDependency */,
			);
			name = tipsTests;
			productName = tipsTests;
			productReference = 3261F68B1A79C41200980F16 /* tipsTests.xctest */;
			productType = "com.apple.product-type.bundle.unit-test";
		};
/* End PBXNativeTarget section */

/* Begin PBXProject section */
		3261F66E1A79C41100980F16 /* Project object */ = {
			isa = PBXProject;
			attributes = {
				LastUpgradeCheck = 0610;
				ORGANIZATIONNAME = "Rose Trujillo";
				TargetAttributes = {
					3261F6751A79C41200980F16 = {
						CreatedOnToolsVersion = 6.1.1;
					};
					3261F68A1A79C41200980F16 = {
						CreatedOnToolsVersion = 6.1.1;
						TestTargetID = 3261F6751A79C41200980F16;
					};
				};
			};
			buildConfigurationList = 3261F6711A79C41100980F16 /* Build configuration list for PBXProject "tips" */;
			compatibilityVersion = "Xcode 3.2";
			developmentRegion = English;
			hasScannedForEncodings = 0;
			knownRegions = (
				en,
				Base,
			);
			mainGroup = 3261F66D1A79C41100980F16;
			productRefGroup = 3261F6771A79C41200980F16 /* Products */;
			projectDirPath = "";
			projectRoot = "";
			targets = (
				3261F6751A79C41200980F16 /* tips */,
				3261F68A1A79C41200980F16 /* tipsTests */,
			);
		};
/* End PBXProject section */

/* Begin PBXResourcesBuildPhase section */
		3261F6741A79C41200980F16 /* Resources */ = {
			isa = PBXResourcesBuildPhase;
			buildActionMask = 2147483647;
			files = (
				3261F6811A79C41200980F16 /* Main.storyboard in Resources */,
				3261F6861A79C41200980F16 /* LaunchScreen.xib in Resources */,
				3261F6831A79C41200980F16 /* Images.xcassets in Resources */,
			);
			runOnlyForDeploymentPostprocessing = 0;
		};
		3261F6891A79C41200980F16 /* Resources */ = {
			isa = PBXResourcesBuildPhase;
			buildActionMask = 2147483647;
			files = (
			);
			runOnlyForDeploymentPostprocessing = 0;
		};
/* End PBXResourcesBuildPhase section */

/* Begin PBXSourcesBuildPhase section */
		3261F6721A79C41200980F16 /* Sources */ = {
			isa = PBXSourcesBuildPhase;
			buildActionMask = 2147483647;
			files = (
				3261F67E1A79C41200980F16 /* ViewController.swift in Sources */,
				3261F67C1A79C41200980F16 /* AppDelegate.swift in Sources */,
			);
			runOnlyForDeploymentPostprocessing = 0;
		};
		3261F6871A79C41200980F16 /* Sources */ = {
			isa = PBXSourcesBuildPhase;
			buildActionMask = 2147483647;
			files = (
				3261F6921A79C41200980F16 /* tipsTests.swift in Sources */,
			);
			runOnlyForDeploymentPostprocessing = 0;
		};
/* End PBXSourcesBuildPhase section */

/* Begin PBXTargetDependency section */
		3261F68D1A79C41200980F16 /* PBXTargetDependency */ = {
			isa = PBXTargetDependency;
			target = 3261F6751A79C41200980F16 /* tips */;
			targetProxy = 3261F68C1A79C41200980F16 /* PBXContainerItemProxy */;
		};
/* End PBXTargetDependency section */

/* Begin PBXVariantGroup section */
		3261F67F1A79C41200980F16 /* Main.storyboard */ = {
			isa = PBXVariantGroup;
			children = (
				3261F6801A79C41200980F16 /* Base */,
			);
			name = Main.storyboard;
			sourceTree = "<group>";
		};
		3261F6841A79C41200980F16 /* LaunchScreen.xib */ = {
			isa = PBXVariantGroup;
			children = (
				3261F6851A79C41200980F16 /* Base */,
			);
			name = LaunchScreen.xib;
			sourceTree = "<group>";
		};
/* End PBXVariantGroup section */

/* Begin XCBuildConfiguration section */
		3261F6931A79C41200980F16 /* Debug */ = {
			isa = XCBuildConfiguration;
			buildSettings = {
				ALWAYS_SEARCH_USER_PATHS = NO;
				CLANG_CXX_LANGUAGE_STANDARD = "gnu++0x";
				CLANG_CXX_LIBRARY = "libc++";
				CLANG_ENABLE_MODULES = YES;
				CLANG_ENABLE_OBJC_ARC = YES;
				CLANG_WARN_BOOL_CONVERSION = YES;
				CLANG_WARN_CONSTANT_CONVERSION = YES;
				CLANG_WARN_DIRECT_OBJC_ISA_USAGE = YES_ERROR;
				CLANG_WARN_EMPTY_BODY = YES;
				CLANG_WARN_ENUM_CONVERSION = YES;
				CLANG_WARN_INT_CONVERSION = YES;
				CLANG_WARN_OBJC_ROOT_CLASS = YES_ERROR;
				CLANG_WARN_UNREACHABLE_CODE = YES;
				CLANG_WARN__DUPLICATE_METHOD_MATCH = YES;
				"CODE_SIGN_IDENTITY[sdk=iphoneos*]" = "iPhone Developer";
				COPY_PHASE_STRIP = NO;
				ENABLE_STRICT_OBJC_MSGSEND = YES;
				GCC_C_LANGUAGE_STANDARD = gnu99;
				GCC_DYNAMIC_NO_PIC = NO;
				GCC_OPTIMIZATION_LEVEL = 0;
				GCC_PREPROCESSOR_DEFINITIONS = (
					"DEBUG=1",
					"$(inherited)",
				);
				GCC_SYMBOLS_PRIVATE_EXTERN = NO;
				GCC_WARN_64_TO_32_BIT_CONVERSION = YES;
				GCC_WARN_ABOUT_RETURN_TYPE = YES_ERROR;
				GCC_WARN_UNDECLARED_SELECTOR = YES;
				GCC_WARN_UNINITIALIZED_AUTOS = YES_AGGRESSIVE;
				GCC_WARN_UNUSED_FUNCTION = YES;
				GCC_WARN_UNUSED_VARIABLE = YES;
				IPHONEOS_DEPLOYMENT_TARGET = 8.1;
				MTL_ENABLE_DEBUG_INFO = YES;
				ONLY_ACTIVE_ARCH = YES;
				SDKROOT = iphoneos;
				SWIFT_OPTIMIZATION_LEVEL = "-Onone";
			};
			name = Debug;
		};
		3261F6941A79C41200980F16 /* Release */ = {
			isa = XCBuildConfiguration;
			buildSettings = {
				ALWAYS_SEARCH_USER_PATHS = NO;
				CLANG_CXX_LANGUAGE_STANDARD = "gnu++0x";
				CLANG_CXX_LIBRARY = "libc++";
				CLANG_ENABLE_MODULES = YES;
				CLANG_ENABLE_OBJC_ARC = YES;
				CLANG_WARN_BOOL_CONVERSION = YES;
				CLANG_WARN_CONSTANT_CONVERSION = YES;
				CLANG_WARN_DIRECT_OBJC_ISA_USAGE = YES_ERROR;
				CLANG_WARN_EMPTY_BODY = YES;
				CLANG_WARN_ENUM_CONVERSION = YES;
				CLANG_WARN_INT_CONVERSION = YES;
				CLANG_WARN_OBJC_ROOT_CLASS = YES_ERROR;
				CLANG_WARN_UNREACHABLE_CODE = YES;
				CLANG_WARN__DUPLICATE_METHOD_MATCH = YES;
				"CODE_SIGN_IDENTITY[sdk=iphoneos*]" = "iPhone Developer";
				COPY_PHASE_STRIP = YES;
				ENABLE_NS_ASSERTIONS = NO;
				ENABLE_STRICT_OBJC_MSGSEND = YES;
				GCC_C_LANGUAGE_STANDARD = gnu99;
				GCC_WARN_64_TO_32_BIT_CONVERSION = YES;
				GCC_WARN_ABOUT_RETURN_TYPE = YES_ERROR;
				GCC_WARN_UNDECLARED_SELECTOR = YES;
				GCC_WARN_UNINITIALIZED_AUTOS = YES_AGGRESSIVE;
				GCC_WARN_UNUSED_FUNCTION = YES;
				GCC_WARN_UNUSED_VARIABLE = YES;
				IPHONEOS_DEPLOYMENT_TARGET = 8.1;
				MTL_ENABLE_DEBUG_INFO = NO;
				SDKROOT = iphoneos;
				VALIDATE_PRODUCT = YES;
			};
			name = Release;
		};
		3261F6961A79C41200980F16 /* Debug */ = {
			isa = XCBuildConfiguration;
			buildSettings = {
				ASSETCATALOG_COMPILER_APPICON_NAME = AppIcon;
				INFOPLIST_FILE = tips/Info.plist;
				LD_RUNPATH_SEARCH_PATHS = "$(inherited) @executable_path/Frameworks";
				PRODUCT_NAME = "$(TARGET_NAME)";
			};
			name = Debug;
		};
		3261F6971A79C41200980F16 /* Release */ = {
			isa = XCBuildConfiguration;
			buildSettings = {
				ASSETCATALOG_COMPILER_APPICON_NAME = AppIcon;
				INFOPLIST_FILE = tips/Info.plist;
				LD_RUNPATH_SEARCH_PATHS = "$(inherited) @executable_path/Frameworks";
				PRODUCT_NAME = "$(TARGET_NAME)";
			};
			name = Release;
		};
		3261F6991A79C41200980F16 /* Debug */ = {
			isa = XCBuildConfiguration;
			buildSettings = {
				BUNDLE_LOADER = "$(TEST_HOST)";
				FRAMEWORK_SEARCH_PATHS = (
					"$(SDKROOT)/Developer/Library/Frameworks",
					"$(inherited)",
				);
				GCC_PREPROCESSOR_DEFINITIONS = (
					"DEBUG=1",
					"$(inherited)",
				);
				INFOPLIST_FILE = tipsTests/Info.plist;
				LD_RUNPATH_SEARCH_PATHS = "$(inherited) @executable_path/Frameworks @loader_path/Frameworks";
				PRODUCT_NAME = "$(TARGET_NAME)";
				TEST_HOST = "$(BUILT_PRODUCTS_DIR)/tips.app/tips";
			};
			name = Debug;
		};
		3261F69A1A79C41200980F16 /* Release */ = {
			isa = XCBuildConfiguration;
			buildSettings = {
				BUNDLE_LOADER = "$(TEST_HOST)";
				FRAMEWORK_SEARCH_PATHS = (
					"$(SDKROOT)/Developer/Library/Frameworks",
					"$(inherited)",
				);
				INFOPLIST_FILE = tipsTests/Info.plist;
				LD_RUNPATH_SEARCH_PATHS = "$(inherited) @executable_path/Frameworks @loader_path/Frameworks";
				PRODUCT_NAME = "$(TARGET_NAME)";
				TEST_HOST = "$(BUILT_PRODUCTS_DIR)/tips.app/tips";
			};
			name = Release;
		};
/* End XCBuildConfiguration section */

/* Begin XCConfigurationList section */
		3261F6711A79C41100980F16 /* Build configuration list for PBXProject "tips" */ = {
			isa = XCConfigurationList;
			buildConfigurations = (
				3261F6931A79C41200980F16 /* Debug */,
				3261F6941A79C41200980F16 /* Release */,
			);
			defaultConfigurationIsVisible = 0;
			defaultConfigurationName = Release;
		};
		3261F6951A79C41200980F16 /* Build configuration list for PBXNativeTarget "tips" */ = {
			isa = XCConfigurationList;
			buildConfigurations = (
				3261F6961A79C41200980F16 /* Debug */,
				3261F6971A79C41200980F16 /* Release */,
			);
			defaultConfigurationIsVisible = 0;
		};
		3261F6981A79C41200980F16 /* Build configuration list for PBXNativeTarget "tipsTests" */ = {
			isa = XCConfigurationList;
			buildConfigurations = (
				3261F6991A79C41200980F16 /* Debug */,
				3261F69A1A79C41200980F16 /* Release */,
			);
			defaultConfigurationIsVisible = 0;
		};
/* End XCConfigurationList section */
	};
	rootObject = 3261F66E1A79C41100980F16 /* Project object */;
}
